// !$*UTF8*$!
{
	archiveVersion = 1;
	classes = {
	};
	objectVersion = 46;
	objects = {

/* Begin PBXBuildFile section */
		81BD98911DE370D3003F5F4F /* AppDelegate.swift in Sources */ = {isa = PBXBuildFile; fileRef = 81BD98901DE370D3003F5F4F /* AppDelegate.swift */; };
		81BD98931DE370D3003F5F4F /* ViewController.swift in Sources */ = {isa = PBXBuildFile; fileRef = 81BD98921DE370D3003F5F4F /* ViewController.swift */; };
		81BD98961DE370D3003F5F4F /* Main.storyboard in Resources */ = {isa = PBXBuildFile; fileRef = 81BD98941DE370D3003F5F4F /* Main.storyboard */; };
		81BD98981DE370D3003F5F4F /* Assets.xcassets in Resources */ = {isa = PBXBuildFile; fileRef = 81BD98971DE370D3003F5F4F /* Assets.xcassets */; };
		81BD989B1DE370D3003F5F4F /* LaunchScreen.storyboard in Resources */ = {isa = PBXBuildFile; fileRef = 81BD98991DE370D3003F5F4F /* LaunchScreen.storyboard */; };
/* End PBXBuildFile section */

/* Begin PBXFileReference section */
		81BD988D1DE370D3003F5F4F /* DevslopesSocial.app */ = {isa = PBXFileReference; explicitFileType = wrapper.application; includeInIndex = 0; path = DevslopesSocial.app; sourceTree = BUILT_PRODUCTS_DIR; };
		81BD98901DE370D3003F5F4F /* AppDelegate.swift */ = {isa = PBXFileReference; lastKnownFileType = sourcecode.swift; path = AppDelegate.swift; sourceTree = "<group>"; };
		81BD98921DE370D3003F5F4F /* ViewController.swift */ = {isa = PBXFileReference; lastKnownFileType = sourcecode.swift; path = ViewController.swift; sourceTree = "<group>"; };
		81BD98951DE370D3003F5F4F /* Base */ = {isa = PBXFileReference; lastKnownFileType = file.storyboard; name = Base; path = Base.lproj/Main.storyboard; sourceTree = "<group>"; };
		81BD98971DE370D3003F5F4F /* Assets.xcassets */ = {isa = PBXFileReference; lastKnownFileType = folder.assetcatalog; path = Assets.xcassets; sourceTree = "<group>"; };
		81BD989A1DE370D3003F5F4F /* Base */ = {isa = PBXFileReference; lastKnownFileType = file.storyboard; name = Base; path = Base.lproj/LaunchScreen.storyboard; sourceTree = "<group>"; };
		81BD989C1DE370D3003F5F4F /* Info.plist */ = {isa = PBXFileReference; lastKnownFileType = text.plist.xml; path = Info.plist; sourceTree = "<group>"; };
/* End PBXFileReference section */

/* Begin PBXFrameworksBuildPhase section */
		81BD988A1DE370D3003F5F4F /* Frameworks */ = {
			isa = PBXFrameworksBuildPhase;
			buildActionMask = 2147483647;
			files = (
			);
			runOnlyForDeploymentPostprocessing = 0;
		};
/* End PBXFrameworksBuildPhase section */

/* Begin PBXGroup section */
		81BD98841DE370D3003F5F4F = {
			isa = PBXGroup;
			children = (
				81BD988F1DE370D3003F5F4F /* DevslopesSocial */,
				81BD988E1DE370D3003F5F4F /* Products */,
			);
			sourceTree = "<group>";
		};
		81BD988E1DE370D3003F5F4F /* Products */ = {
			isa = PBXGroup;
			children = (
				81BD988D1DE370D3003F5F4F /* DevslopesSocial.app */,
			);
			name = Products;
			sourceTree = "<group>";
		};
		81BD988F1DE370D3003F5F4F /* DevslopesSocial */ = {
			isa = PBXGroup;
			children = (
				81BD98901DE370D3003F5F4F /* AppDelegate.swift */,
				81BD98921DE370D3003F5F4F /* ViewController.swift */,
				81BD98941DE370D3003F5F4F /* Main.storyboard */,
				81BD98971DE370D3003F5F4F /* Assets.xcassets */,
				81BD98991DE370D3003F5F4F /* LaunchScreen.storyboard */,
				81BD989C1DE370D3003F5F4F /* Info.plist */,
			);
			path = DevslopesSocial;
			sourceTree = "<group>";
		};
/* End PBXGroup section */

/* Begin PBXNativeTarget section */
		81BD988C1DE370D3003F5F4F /* DevslopesSocial */ = {
			isa = PBXNativeTarget;
			buildConfigurationList = 81BD989F1DE370D3003F5F4F /* Build configuration list for PBXNativeTarget "DevslopesSocial" */;
			buildPhases = (
				81BD98891DE370D3003F5F4F /* Sources */,
				81BD988A1DE370D3003F5F4F /* Frameworks */,
				81BD988B1DE370D3003F5F4F /* Resources */,
			);
			buildRules = (
			);
			dependencies = (
			);
			name = DevslopesSocial;
			productName = DevslopesSocial;
			productReference = 81BD988D1DE370D3003F5F4F /* DevslopesSocial.app */;
			productType = "com.apple.product-type.application";
		};
/* End PBXNativeTarget section */

/* Begin PBXProject section */
		81BD98851DE370D3003F5F4F /* Project object */ = {
			isa = PBXProject;
			attributes = {
				LastSwiftUpdateCheck = 0810;
				LastUpgradeCheck = 0810;
				ORGANIZATIONNAME = "John Kine";
				TargetAttributes = {
					81BD988C1DE370D3003F5F4F = {
						CreatedOnToolsVersion = 8.1;
						DevelopmentTeam = 8YHCPZA2KX;
						ProvisioningStyle = Automatic;
					};
				};
			};
			buildConfigurationList = 81BD98881DE370D3003F5F4F /* Build configuration list for PBXProject "DevslopesSocial" */;
			compatibilityVersion = "Xcode 3.2";
			developmentRegion = English;
			hasScannedForEncodings = 0;
			knownRegions = (
				en,
				Base,
			);
			mainGroup = 81BD98841DE370D3003F5F4F;
			productRefGroup = 81BD988E1DE370D3003F5F4F /* Products */;
			projectDirPath = "";
			projectRoot = "";
			targets = (
				81BD988C1DE370D3003F5F4F /* DevslopesSocial */,
			);
		};
/* End PBXProject section */

/* Begin PBXResourcesBuildPhase section */
		81BD988B1DE370D3003F5F4F /* Resources */ = {
			isa = PBXResourcesBuildPhase;
			buildActionMask = 2147483647;
			files = (
				81BD989B1DE370D3003F5F4F /* LaunchScreen.storyboard in Resources */,
				81BD98981DE370D3003F5F4F /* Assets.xcassets in Resources */,
				81BD98961DE370D3003F5F4F /* Main.storyboard in Resources */,
			);
			runOnlyForDeploymentPostprocessing = 0;
		};
/* End PBXResourcesBuildPhase section */

/* Begin PBXSourcesBuildPhase section */
		81BD98891DE370D3003F5F4F /* Sources */ = {
			isa = PBXSourcesBuildPhase;
			buildActionMask = 2147483647;
			files = (
				81BD98931DE370D3003F5F4F /* ViewController.swift in Sources */,
				81BD98911DE370D3003F5F4F /* AppDelegate.swift in Sources */,
			);
			runOnlyForDeploymentPostprocessing = 0;
		};
/* End PBXSourcesBuildPhase section */

/* Begin PBXVariantGroup section */
		81BD98941DE370D3003F5F4F /* Main.storyboard */ = {
			isa = PBXVariantGroup;
			children = (
				81BD98951DE370D3003F5F4F /* Base */,
			);
			name = Main.storyboard;
			sourceTree = "<group>";
		};
		81BD98991DE370D3003F5F4F /* LaunchScreen.storyboard */ = {
			isa = PBXVariantGroup;
			children = (
				81BD989A1DE370D3003F5F4F /* Base */,
			);
			name = LaunchScreen.storyboard;
			sourceTree = "<group>";
		};
/* End PBXVariantGroup section */

/* Begin XCBuildConfiguration section */
		81BD989D1DE370D3003F5F4F /* Debug */ = {
			isa = XCBuildConfiguration;
			buildSettings = {
				ALWAYS_SEARCH_USER_PATHS = NO;
				CLANG_ANALYZER_NONNULL = YES;
				CLANG_CXX_LANGUAGE_STANDARD = "gnu++0x";
				CLANG_CXX_LIBRARY = "libc++";
				CLANG_ENABLE_MODULES = YES;
				CLANG_ENABLE_OBJC_ARC = YES;
				CLANG_WARN_BOOL_CONVERSION = YES;
				CLANG_WARN_CONSTANT_CONVERSION = YES;
				CLANG_WARN_DIRECT_OBJC_ISA_USAGE = YES_ERROR;
				CLANG_WARN_DOCUMENTATION_COMMENTS = YES;
				CLANG_WARN_EMPTY_BODY = YES;
				CLANG_WARN_ENUM_CONVERSION = YES;
				CLANG_WARN_INFINITE_RECURSION = YES;
				CLANG_WARN_INT_CONVERSION = YES;
				CLANG_WARN_OBJC_ROOT_CLASS = YES_ERROR;
				CLANG_WARN_SUSPICIOUS_MOVES = YES;
				CLANG_WARN_UNREACHABLE_CODE = YES;
				CLANG_WARN__DUPLICATE_METHOD_MATCH = YES;
				"CODE_SIGN_IDENTITY[sdk=iphoneos*]" = "iPhone Developer";
				COPY_PHASE_STRIP = NO;
				DEBUG_INFORMATION_FORMAT = dwarf;
				ENABLE_STRICT_OBJC_MSGSEND = YES;
				ENABLE_TESTABILITY = YES;
				GCC_C_LANGUAGE_STANDARD = gnu99;
				GCC_DYNAMIC_NO_PIC = NO;
				GCC_NO_COMMON_BLOCKS = YES;
				GCC_OPTIMIZATION_LEVEL = 0;
				GCC_PREPROCESSOR_DEFINITIONS = (
					"DEBUG=1",
					"$(inherited)",
				);
				GCC_WARN_64_TO_32_BIT_CONVERSION = YES;
				GCC_WARN_ABOUT_RETURN_TYPE = YES_ERROR;
				GCC_WARN_UNDECLARED_SELECTOR = YES;
				GCC_WARN_UNINITIALIZED_AUTOS = YES_AGGRESSIVE;
				GCC_WARN_UNUSED_FUNCTION = YES;
				GCC_WARN_UNUSED_VARIABLE = YES;
				IPHONEOS_DEPLOYMENT_TARGET = 10.1;
				MTL_ENABLE_DEBUG_INFO = YES;
				ONLY_ACTIVE_ARCH = YES;
				SDKROOT = iphoneos;
				SWIFT_ACTIVE_COMPILATION_CONDITIONS = DEBUG;
				SWIFT_OPTIMIZATION_LEVEL = "-Onone";
				TARGETED_DEVICE_FAMILY = "1,2";
			};
			name = Debug;
		};
		81BD989E1DE370D3003F5F4F /* Release */ = {
			isa = XCBuildConfiguration;
			buildSettings = {
				ALWAYS_SEARCH_USER_PATHS = NO;
				CLANG_ANALYZER_NONNULL = YES;
				CLANG_CXX_LANGUAGE_STANDARD = "gnu++0x";
				CLANG_CXX_LIBRARY = "libc++";
				CLANG_ENABLE_MODULES = YES;
				CLANG_ENABLE_OBJC_ARC = YES;
				CLANG_WARN_BOOL_CONVERSION = YES;
				CLANG_WARN_CONSTANT_CONVERSION = YES;
				CLANG_WARN_DIRECT_OBJC_ISA_USAGE = YES_ERROR;
				CLANG_WARN_DOCUMENTATION_COMMENTS = YES;
				CLANG_WARN_EMPTY_BODY = YES;
				CLANG_WARN_ENUM_CONVERSION = YES;
				CLANG_WARN_INFINITE_RECURSION = YES;
				CLANG_WARN_INT_CONVERSION = YES;
				CLANG_WARN_OBJC_ROOT_CLASS = YES_ERROR;
				CLANG_WARN_SUSPICIOUS_MOVES = YES;
				CLANG_WARN_UNREACHABLE_CODE = YES;
				CLANG_WARN__DUPLICATE_METHOD_MATCH = YES;
				"CODE_SIGN_IDENTITY[sdk=iphoneos*]" = "iPhone Developer";
				COPY_PHASE_STRIP = NO;
				DEBUG_INFORMATION_FORMAT = "dwarf-with-dsym";
				ENABLE_NS_ASSERTIONS = NO;
				ENABLE_STRICT_OBJC_MSGSEND = YES;
				GCC_C_LANGUAGE_STANDARD = gnu99;
				GCC_NO_COMMON_BLOCKS = YES;
				GCC_WARN_64_TO_32_BIT_CONVERSION = YES;
				GCC_WARN_ABOUT_RETURN_TYPE = YES_ERROR;
				GCC_WARN_UNDECLARED_SELECTOR = YES;
				GCC_WARN_UNINITIALIZED_AUTOS = YES_AGGRESSIVE;
				GCC_WARN_UNUSED_FUNCTION = YES;
				GCC_WARN_UNUSED_VARIABLE = YES;
				IPHONEOS_DEPLOYMENT_TARGET = 10.1;
				MTL_ENABLE_DEBUG_INFO = NO;
				SDKROOT = iphoneos;
				SWIFT_OPTIMIZATION_LEVEL = "-Owholemodule";
				TARGETED_DEVICE_FAMILY = "1,2";
				VALIDATE_PRODUCT = YES;
			};
			name = Release;
		};
		81BD98A01DE370D3003F5F4F /* Debug */ = {
			isa = XCBuildConfiguration;
			buildSettings = {
				ASSETCATALOG_COMPILER_APPICON_NAME = AppIcon;
				DEVELOPMENT_TEAM = 8YHCPZA2KX;
				INFOPLIST_FILE = DevslopesSocial/Info.plist;
				LD_RUNPATH_SEARCH_PATHS = "$(inherited) @executable_path/Frameworks";
				PRODUCT_BUNDLE_IDENTIFIER = jkProducts.DevslopesSocial;
				PRODUCT_NAME = "$(TARGET_NAME)";
				SWIFT_VERSION = 3.0;
			};
			name = Debug;
		};
		81BD98A11DE370D3003F5F4F /* Release */ = {
			isa = XCBuildConfiguration;
			buildSettings = {
				ASSETCATALOG_COMPILER_APPICON_NAME = AppIcon;
				DEVELOPMENT_TEAM = 8YHCPZA2KX;
				INFOPLIST_FILE = DevslopesSocial/Info.plist;
				LD_RUNPATH_SEARCH_PATHS = "$(inherited) @executable_path/Frameworks";
				PRODUCT_BUNDLE_IDENTIFIER = jkProducts.DevslopesSocial;
				PRODUCT_NAME = "$(TARGET_NAME)";
				SWIFT_VERSION = 3.0;
			};
			name = Release;
		};
/* End XCBuildConfiguration section */

/* Begin XCConfigurationList section */
		81BD98881DE370D3003F5F4F /* Build configuration list for PBXProject "DevslopesSocial" */ = {
			isa = XCConfigurationList;
			buildConfigurations = (
				81BD989D1DE370D3003F5F4F /* Debug */,
				81BD989E1DE370D3003F5F4F /* Release */,
			);
			defaultConfigurationIsVisible = 0;
			defaultConfigurationName = Release;
		};
		81BD989F1DE370D3003F5F4F /* Build configuration list for PBXNativeTarget "DevslopesSocial" */ = {
			isa = XCConfigurationList;
			buildConfigurations = (
				81BD98A01DE370D3003F5F4F /* Debug */,
				81BD98A11DE370D3003F5F4F /* Release */,
			);
			defaultConfigurationIsVisible = 0;
		};
/* End XCConfigurationList section */
	};
	rootObject = 81BD98851DE370D3003F5F4F /* Project object */;
}
