// !$*UTF8*$!
{
	archiveVersion = 1;
	classes = {
	};
	objectVersion = 46;
	objects = {

/* Begin PBXBuildFile section */
		428458B3DEAABF895F8D07EC /* Pods_DevslopesSocial.framework in Frameworks */ = {isa = PBXBuildFile; fileRef = 817F10E04242C30F0D8241A9 /* Pods_DevslopesSocial.framework */; };
		812C6C261DE5D90800EC1285 /* FeedVC.swift in Sources */ = {isa = PBXBuildFile; fileRef = 812C6C251DE5D90800EC1285 /* FeedVC.swift */; };
		812C6C281DE64DB400EC1285 /* CircleView.swift in Sources */ = {isa = PBXBuildFile; fileRef = 812C6C271DE64DB400EC1285 /* CircleView.swift */; };
		812C6C2A1DE6651A00EC1285 /* PostCell.swift in Sources */ = {isa = PBXBuildFile; fileRef = 812C6C291DE6651A00EC1285 /* PostCell.swift */; };
		81A0E0601DE8AA9E0090AE32 /* DataService.swift in Sources */ = {isa = PBXBuildFile; fileRef = 81A0E05F1DE8AA9E0090AE32 /* DataService.swift */; };
		81A0E0631DE9320A0090AE32 /* Post.swift in Sources */ = {isa = PBXBuildFile; fileRef = 81A0E0621DE9320A0090AE32 /* Post.swift */; };
		81BD98911DE370D3003F5F4F /* AppDelegate.swift in Sources */ = {isa = PBXBuildFile; fileRef = 81BD98901DE370D3003F5F4F /* AppDelegate.swift */; };
		81BD98931DE370D3003F5F4F /* SignInVC.swift in Sources */ = {isa = PBXBuildFile; fileRef = 81BD98921DE370D3003F5F4F /* SignInVC.swift */; };
		81BD98961DE370D3003F5F4F /* Main.storyboard in Resources */ = {isa = PBXBuildFile; fileRef = 81BD98941DE370D3003F5F4F /* Main.storyboard */; };
		81BD98981DE370D3003F5F4F /* Assets.xcassets in Resources */ = {isa = PBXBuildFile; fileRef = 81BD98971DE370D3003F5F4F /* Assets.xcassets */; };
		81BD989B1DE370D3003F5F4F /* LaunchScreen.storyboard in Resources */ = {isa = PBXBuildFile; fileRef = 81BD98991DE370D3003F5F4F /* LaunchScreen.storyboard */; };
		81BD98A31DE37326003F5F4F /* GoogleService-Info.plist in Resources */ = {isa = PBXBuildFile; fileRef = 81BD98A21DE37326003F5F4F /* GoogleService-Info.plist */; };
		81F9CDAE1DE4C7AE00163D6B /* FancyView.swift in Sources */ = {isa = PBXBuildFile; fileRef = 81F9CDAD1DE4C7AE00163D6B /* FancyView.swift */; };
		81F9CDB31DE4C90C00163D6B /* Constants.swift in Sources */ = {isa = PBXBuildFile; fileRef = 81F9CDB21DE4C90C00163D6B /* Constants.swift */; };
		81F9CDB51DE4CC1000163D6B /* RoundButton.swift in Sources */ = {isa = PBXBuildFile; fileRef = 81F9CDB41DE4CC1000163D6B /* RoundButton.swift */; };
		81F9CDB71DE4CEA900163D6B /* FancyField.swift in Sources */ = {isa = PBXBuildFile; fileRef = 81F9CDB61DE4CEA900163D6B /* FancyField.swift */; };
		81F9CDB91DE4D01300163D6B /* FancyButton.swift in Sources */ = {isa = PBXBuildFile; fileRef = 81F9CDB81DE4D01300163D6B /* FancyButton.swift */; };
/* End PBXBuildFile section */

/* Begin PBXFileReference section */
		0990968EFE4E5D27D1D772EF /* Pods-DevslopesSocial.debug.xcconfig */ = {isa = PBXFileReference; includeInIndex = 1; lastKnownFileType = text.xcconfig; name = "Pods-DevslopesSocial.debug.xcconfig"; path = "Pods/Target Support Files/Pods-DevslopesSocial/Pods-DevslopesSocial.debug.xcconfig"; sourceTree = "<group>"; };
		355E72031CE85FD3F25C8102 /* Pods-DevslopesSocial.release.xcconfig */ = {isa = PBXFileReference; includeInIndex = 1; lastKnownFileType = text.xcconfig; name = "Pods-DevslopesSocial.release.xcconfig"; path = "Pods/Target Support Files/Pods-DevslopesSocial/Pods-DevslopesSocial.release.xcconfig"; sourceTree = "<group>"; };
		812C6C251DE5D90800EC1285 /* FeedVC.swift */ = {isa = PBXFileReference; fileEncoding = 4; lastKnownFileType = sourcecode.swift; path = FeedVC.swift; sourceTree = "<group>"; };
		812C6C271DE64DB400EC1285 /* CircleView.swift */ = {isa = PBXFileReference; fileEncoding = 4; lastKnownFileType = sourcecode.swift; path = CircleView.swift; sourceTree = "<group>"; };
		812C6C291DE6651A00EC1285 /* PostCell.swift */ = {isa = PBXFileReference; fileEncoding = 4; lastKnownFileType = sourcecode.swift; path = PostCell.swift; sourceTree = "<group>"; };
		817F10E04242C30F0D8241A9 /* Pods_DevslopesSocial.framework */ = {isa = PBXFileReference; explicitFileType = wrapper.framework; includeInIndex = 0; path = Pods_DevslopesSocial.framework; sourceTree = BUILT_PRODUCTS_DIR; };
		81A0E05F1DE8AA9E0090AE32 /* DataService.swift */ = {isa = PBXFileReference; fileEncoding = 4; lastKnownFileType = sourcecode.swift; path = DataService.swift; sourceTree = "<group>"; };
		81A0E0621DE9320A0090AE32 /* Post.swift */ = {isa = PBXFileReference; fileEncoding = 4; lastKnownFileType = sourcecode.swift; path = Post.swift; sourceTree = "<group>"; };
		81BD988D1DE370D3003F5F4F /* DevslopesSocial.app */ = {isa = PBXFileReference; explicitFileType = wrapper.application; includeInIndex = 0; path = DevslopesSocial.app; sourceTree = BUILT_PRODUCTS_DIR; };
		81BD98901DE370D3003F5F4F /* AppDelegate.swift */ = {isa = PBXFileReference; lastKnownFileType = sourcecode.swift; path = AppDelegate.swift; sourceTree = "<group>"; };
		81BD98921DE370D3003F5F4F /* SignInVC.swift */ = {isa = PBXFileReference; lastKnownFileType = sourcecode.swift; path = SignInVC.swift; sourceTree = "<group>"; };
		81BD98951DE370D3003F5F4F /* Base */ = {isa = PBXFileReference; lastKnownFileType = file.storyboard; name = Base; path = Base.lproj/Main.storyboard; sourceTree = "<group>"; };
		81BD98971DE370D3003F5F4F /* Assets.xcassets */ = {isa = PBXFileReference; lastKnownFileType = folder.assetcatalog; path = Assets.xcassets; sourceTree = "<group>"; };
		81BD989A1DE370D3003F5F4F /* Base */ = {isa = PBXFileReference; lastKnownFileType = file.storyboard; name = Base; path = Base.lproj/LaunchScreen.storyboard; sourceTree = "<group>"; };
		81BD989C1DE370D3003F5F4F /* Info.plist */ = {isa = PBXFileReference; lastKnownFileType = text.plist.xml; path = Info.plist; sourceTree = "<group>"; };
		81BD98A21DE37326003F5F4F /* GoogleService-Info.plist */ = {isa = PBXFileReference; fileEncoding = 4; lastKnownFileType = text.plist.xml; path = "GoogleService-Info.plist"; sourceTree = "<group>"; };
		81F9CDA81DE37B3200163D6B /* DevslopesSocial.entitlements */ = {isa = PBXFileReference; lastKnownFileType = text.plist.entitlements; path = DevslopesSocial.entitlements; sourceTree = "<group>"; };
		81F9CDAD1DE4C7AE00163D6B /* FancyView.swift */ = {isa = PBXFileReference; fileEncoding = 4; lastKnownFileType = sourcecode.swift; path = FancyView.swift; sourceTree = "<group>"; };
		81F9CDB21DE4C90C00163D6B /* Constants.swift */ = {isa = PBXFileReference; fileEncoding = 4; lastKnownFileType = sourcecode.swift; path = Constants.swift; sourceTree = "<group>"; };
		81F9CDB41DE4CC1000163D6B /* RoundButton.swift */ = {isa = PBXFileReference; fileEncoding = 4; lastKnownFileType = sourcecode.swift; path = RoundButton.swift; sourceTree = "<group>"; };
		81F9CDB61DE4CEA900163D6B /* FancyField.swift */ = {isa = PBXFileReference; fileEncoding = 4; lastKnownFileType = sourcecode.swift; path = FancyField.swift; sourceTree = "<group>"; };
		81F9CDB81DE4D01300163D6B /* FancyButton.swift */ = {isa = PBXFileReference; fileEncoding = 4; lastKnownFileType = sourcecode.swift; path = FancyButton.swift; sourceTree = "<group>"; };
/* End PBXFileReference section */

/* Begin PBXFrameworksBuildPhase section */
		81BD988A1DE370D3003F5F4F /* Frameworks */ = {
			isa = PBXFrameworksBuildPhase;
			buildActionMask = 2147483647;
			files = (
				428458B3DEAABF895F8D07EC /* Pods_DevslopesSocial.framework in Frameworks */,
			);
			runOnlyForDeploymentPostprocessing = 0;
		};
/* End PBXFrameworksBuildPhase section */

/* Begin PBXGroup section */
		81A0E05E1DE8AA6F0090AE32 /* Services */ = {
			isa = PBXGroup;
			children = (
				81A0E05F1DE8AA9E0090AE32 /* DataService.swift */,
			);
			name = Services;
			sourceTree = "<group>";
		};
		81BD98841DE370D3003F5F4F = {
			isa = PBXGroup;
			children = (
				81BD988F1DE370D3003F5F4F /* DevslopesSocial */,
				81BD988E1DE370D3003F5F4F /* Products */,
				81F9CDA91DE37B9500163D6B /* Entitlements */,
				B01E6C7BBB6795041F8F24FA /* Pods */,
				930EA1672B93F2F0A3912901 /* Frameworks */,
			);
			sourceTree = "<group>";
		};
		81BD988E1DE370D3003F5F4F /* Products */ = {
			isa = PBXGroup;
			children = (
				81BD988D1DE370D3003F5F4F /* DevslopesSocial.app */,
			);
			name = Products;
			sourceTree = "<group>";
		};
		81BD988F1DE370D3003F5F4F /* DevslopesSocial */ = {
			isa = PBXGroup;
			children = (
				81A0E05E1DE8AA6F0090AE32 /* Services */,
				81F9CDB11DE4C8F300163D6B /* Uitilities */,
				81F9CDAC1DE390D700163D6B /* Model */,
				81F9CDAB1DE390CA00163D6B /* View */,
				81F9CDAA1DE390A800163D6B /* Controller */,
				81BD98901DE370D3003F5F4F /* AppDelegate.swift */,
				81BD98941DE370D3003F5F4F /* Main.storyboard */,
				81BD98971DE370D3003F5F4F /* Assets.xcassets */,
				81BD98991DE370D3003F5F4F /* LaunchScreen.storyboard */,
				81BD989C1DE370D3003F5F4F /* Info.plist */,
				81BD98A21DE37326003F5F4F /* GoogleService-Info.plist */,
			);
			path = DevslopesSocial;
			sourceTree = "<group>";
		};
		81F9CDA91DE37B9500163D6B /* Entitlements */ = {
			isa = PBXGroup;
			children = (
				81F9CDA81DE37B3200163D6B /* DevslopesSocial.entitlements */,
			);
			name = Entitlements;
			path = DevslopesSocial;
			sourceTree = "<group>";
		};
		81F9CDAA1DE390A800163D6B /* Controller */ = {
			isa = PBXGroup;
			children = (
				81BD98921DE370D3003F5F4F /* SignInVC.swift */,
				812C6C251DE5D90800EC1285 /* FeedVC.swift */,
			);
			name = Controller;
			sourceTree = "<group>";
		};
		81F9CDAB1DE390CA00163D6B /* View */ = {
			isa = PBXGroup;
			children = (
				81F9CDAD1DE4C7AE00163D6B /* FancyView.swift */,
				81F9CDB41DE4CC1000163D6B /* RoundButton.swift */,
				81F9CDB61DE4CEA900163D6B /* FancyField.swift */,
				81F9CDB81DE4D01300163D6B /* FancyButton.swift */,
				812C6C271DE64DB400EC1285 /* CircleView.swift */,
				812C6C291DE6651A00EC1285 /* PostCell.swift */,
			);
			name = View;
			sourceTree = "<group>";
		};
		81F9CDAC1DE390D700163D6B /* Model */ = {
			isa = PBXGroup;
			children = (
				81A0E0621DE9320A0090AE32 /* Post.swift */,
			);
			name = Model;
			sourceTree = "<group>";
		};
		81F9CDB11DE4C8F300163D6B /* Uitilities */ = {
			isa = PBXGroup;
			children = (
				81F9CDB21DE4C90C00163D6B /* Constants.swift */,
			);
			name = Uitilities;
			sourceTree = "<group>";
		};
		930EA1672B93F2F0A3912901 /* Frameworks */ = {
			isa = PBXGroup;
			children = (
				817F10E04242C30F0D8241A9 /* Pods_DevslopesSocial.framework */,
			);
			name = Frameworks;
			sourceTree = "<group>";
		};
		B01E6C7BBB6795041F8F24FA /* Pods */ = {
			isa = PBXGroup;
			children = (
				0990968EFE4E5D27D1D772EF /* Pods-DevslopesSocial.debug.xcconfig */,
				355E72031CE85FD3F25C8102 /* Pods-DevslopesSocial.release.xcconfig */,
			);
			name = Pods;
			sourceTree = "<group>";
		};
/* End PBXGroup section */

/* Begin PBXNativeTarget section */
		81BD988C1DE370D3003F5F4F /* DevslopesSocial */ = {
			isa = PBXNativeTarget;
			buildConfigurationList = 81BD989F1DE370D3003F5F4F /* Build configuration list for PBXNativeTarget "DevslopesSocial" */;
			buildPhases = (
				40F3BCCB0205385359627F4A /* [CP] Check Pods Manifest.lock */,
				81BD98891DE370D3003F5F4F /* Sources */,
				81BD988A1DE370D3003F5F4F /* Frameworks */,
				81BD988B1DE370D3003F5F4F /* Resources */,
				2D0929999D82A4151F83EAB7 /* [CP] Embed Pods Frameworks */,
				F5AAC4853E4C703AED0CD059 /* [CP] Copy Pods Resources */,
			);
			buildRules = (
			);
			dependencies = (
			);
			name = DevslopesSocial;
			productName = DevslopesSocial;
			productReference = 81BD988D1DE370D3003F5F4F /* DevslopesSocial.app */;
			productType = "com.apple.product-type.application";
		};
/* End PBXNativeTarget section */

/* Begin PBXProject section */
		81BD98851DE370D3003F5F4F /* Project object */ = {
			isa = PBXProject;
			attributes = {
				LastSwiftUpdateCheck = 0810;
				LastUpgradeCheck = 0810;
				ORGANIZATIONNAME = "John Kine";
				TargetAttributes = {
					81BD988C1DE370D3003F5F4F = {
						CreatedOnToolsVersion = 8.1;
						DevelopmentTeam = 8YHCPZA2KX;
						ProvisioningStyle = Automatic;
						SystemCapabilities = {
							com.apple.Keychain = {
								enabled = 1;
							};
						};
					};
				};
			};
			buildConfigurationList = 81BD98881DE370D3003F5F4F /* Build configuration list for PBXProject "DevslopesSocial" */;
			compatibilityVersion = "Xcode 3.2";
			developmentRegion = English;
			hasScannedForEncodings = 0;
			knownRegions = (
				en,
				Base,
			);
			mainGroup = 81BD98841DE370D3003F5F4F;
			productRefGroup = 81BD988E1DE370D3003F5F4F /* Products */;
			projectDirPath = "";
			projectRoot = "";
			targets = (
				81BD988C1DE370D3003F5F4F /* DevslopesSocial */,
			);
		};
/* End PBXProject section */

/* Begin PBXResourcesBuildPhase section */
		81BD988B1DE370D3003F5F4F /* Resources */ = {
			isa = PBXResourcesBuildPhase;
			buildActionMask = 2147483647;
			files = (
				81BD989B1DE370D3003F5F4F /* LaunchScreen.storyboard in Resources */,
				81BD98A31DE37326003F5F4F /* GoogleService-Info.plist in Resources */,
				81BD98981DE370D3003F5F4F /* Assets.xcassets in Resources */,
				81BD98961DE370D3003F5F4F /* Main.storyboard in Resources */,
			);
			runOnlyForDeploymentPostprocessing = 0;
		};
/* End PBXResourcesBuildPhase section */

/* Begin PBXShellScriptBuildPhase section */
		2D0929999D82A4151F83EAB7 /* [CP] Embed Pods Frameworks */ = {
			isa = PBXShellScriptBuildPhase;
			buildActionMask = 2147483647;
			files = (
			);
			inputPaths = (
			);
			name = "[CP] Embed Pods Frameworks";
			outputPaths = (
			);
			runOnlyForDeploymentPostprocessing = 0;
			shellPath = /bin/sh;
			shellScript = "\"${SRCROOT}/Pods/Target Support Files/Pods-DevslopesSocial/Pods-DevslopesSocial-frameworks.sh\"\n";
			showEnvVarsInLog = 0;
		};
		40F3BCCB0205385359627F4A /* [CP] Check Pods Manifest.lock */ = {
			isa = PBXShellScriptBuildPhase;
			buildActionMask = 2147483647;
			files = (
			);
			inputPaths = (
			);
			name = "[CP] Check Pods Manifest.lock";
			outputPaths = (
			);
			runOnlyForDeploymentPostprocessing = 0;
			shellPath = /bin/sh;
			shellScript = "diff \"${PODS_ROOT}/../Podfile.lock\" \"${PODS_ROOT}/Manifest.lock\" > /dev/null\nif [ $? != 0 ] ; then\n    # print error to STDERR\n    echo \"error: The sandbox is not in sync with the Podfile.lock. Run 'pod install' or update your CocoaPods installation.\" >&2\n    exit 1\nfi\n";
			showEnvVarsInLog = 0;
		};
		F5AAC4853E4C703AED0CD059 /* [CP] Copy Pods Resources */ = {
			isa = PBXShellScriptBuildPhase;
			buildActionMask = 2147483647;
			files = (
			);
			inputPaths = (
			);
			name = "[CP] Copy Pods Resources";
			outputPaths = (
			);
			runOnlyForDeploymentPostprocessing = 0;
			shellPath = /bin/sh;
			shellScript = "\"${SRCROOT}/Pods/Target Support Files/Pods-DevslopesSocial/Pods-DevslopesSocial-resources.sh\"\n";
			showEnvVarsInLog = 0;
		};
/* End PBXShellScriptBuildPhase section */

/* Begin PBXSourcesBuildPhase section */
		81BD98891DE370D3003F5F4F /* Sources */ = {
			isa = PBXSourcesBuildPhase;
			buildActionMask = 2147483647;
			files = (
				812C6C281DE64DB400EC1285 /* CircleView.swift in Sources */,
				81F9CDB71DE4CEA900163D6B /* FancyField.swift in Sources */,
				81BD98931DE370D3003F5F4F /* SignInVC.swift in Sources */,
				81A0E0631DE9320A0090AE32 /* Post.swift in Sources */,
				81F9CDB51DE4CC1000163D6B /* RoundButton.swift in Sources */,
				81F9CDB91DE4D01300163D6B /* FancyButton.swift in Sources */,
				81A0E0601DE8AA9E0090AE32 /* DataService.swift in Sources */,
				812C6C261DE5D90800EC1285 /* FeedVC.swift in Sources */,
				81BD98911DE370D3003F5F4F /* AppDelegate.swift in Sources */,
				81F9CDAE1DE4C7AE00163D6B /* FancyView.swift in Sources */,
				81F9CDB31DE4C90C00163D6B /* Constants.swift in Sources */,
				812C6C2A1DE6651A00EC1285 /* PostCell.swift in Sources */,
			);
			runOnlyForDeploymentPostprocessing = 0;
		};
/* End PBXSourcesBuildPhase section */

/* Begin PBXVariantGroup section */
		81BD98941DE370D3003F5F4F /* Main.storyboard */ = {
			isa = PBXVariantGroup;
			children = (
				81BD98951DE370D3003F5F4F /* Base */,
			);
			name = Main.storyboard;
			sourceTree = "<group>";
		};
		81BD98991DE370D3003F5F4F /* LaunchScreen.storyboard */ = {
			isa = PBXVariantGroup;
			children = (
				81BD989A1DE370D3003F5F4F /* Base */,
			);
			name = LaunchScreen.storyboard;
			sourceTree = "<group>";
		};
/* End PBXVariantGroup section */

/* Begin XCBuildConfiguration section */
		81BD989D1DE370D3003F5F4F /* Debug */ = {
			isa = XCBuildConfiguration;
			buildSettings = {
				ALWAYS_SEARCH_USER_PATHS = NO;
				CLANG_ANALYZER_NONNULL = YES;
				CLANG_CXX_LANGUAGE_STANDARD = "gnu++0x";
				CLANG_CXX_LIBRARY = "libc++";
				CLANG_ENABLE_MODULES = YES;
				CLANG_ENABLE_OBJC_ARC = YES;
				CLANG_WARN_BOOL_CONVERSION = YES;
				CLANG_WARN_CONSTANT_CONVERSION = YES;
				CLANG_WARN_DIRECT_OBJC_ISA_USAGE = YES_ERROR;
				CLANG_WARN_DOCUMENTATION_COMMENTS = YES;
				CLANG_WARN_EMPTY_BODY = YES;
				CLANG_WARN_ENUM_CONVERSION = YES;
				CLANG_WARN_INFINITE_RECURSION = YES;
				CLANG_WARN_INT_CONVERSION = YES;
				CLANG_WARN_OBJC_ROOT_CLASS = YES_ERROR;
				CLANG_WARN_SUSPICIOUS_MOVE = YES;
				CLANG_WARN_SUSPICIOUS_MOVES = YES;
				CLANG_WARN_UNREACHABLE_CODE = YES;
				CLANG_WARN__DUPLICATE_METHOD_MATCH = YES;
				CODE_SIGN_IDENTITY = "iPhone Developer";
				"CODE_SIGN_IDENTITY[sdk=iphoneos*]" = "iPhone Developer";
				COPY_PHASE_STRIP = NO;
				DEBUG_INFORMATION_FORMAT = dwarf;
				ENABLE_STRICT_OBJC_MSGSEND = YES;
				ENABLE_TESTABILITY = YES;
				GCC_C_LANGUAGE_STANDARD = gnu99;
				GCC_DYNAMIC_NO_PIC = NO;
				GCC_NO_COMMON_BLOCKS = YES;
				GCC_OPTIMIZATION_LEVEL = 0;
				GCC_PREPROCESSOR_DEFINITIONS = (
					"DEBUG=1",
					"$(inherited)",
				);
				GCC_WARN_64_TO_32_BIT_CONVERSION = YES;
				GCC_WARN_ABOUT_RETURN_TYPE = YES_ERROR;
				GCC_WARN_UNDECLARED_SELECTOR = YES;
				GCC_WARN_UNINITIALIZED_AUTOS = YES_AGGRESSIVE;
				GCC_WARN_UNUSED_FUNCTION = YES;
				GCC_WARN_UNUSED_VARIABLE = YES;
				IPHONEOS_DEPLOYMENT_TARGET = 10.1;
				MTL_ENABLE_DEBUG_INFO = YES;
				ONLY_ACTIVE_ARCH = YES;
				SDKROOT = iphoneos;
				SWIFT_ACTIVE_COMPILATION_CONDITIONS = DEBUG;
				SWIFT_OPTIMIZATION_LEVEL = "-Onone";
				TARGETED_DEVICE_FAMILY = "1,2";
			};
			name = Debug;
		};
		81BD989E1DE370D3003F5F4F /* Release */ = {
			isa = XCBuildConfiguration;
			buildSettings = {
				ALWAYS_SEARCH_USER_PATHS = NO;
				CLANG_ANALYZER_NONNULL = YES;
				CLANG_CXX_LANGUAGE_STANDARD = "gnu++0x";
				CLANG_CXX_LIBRARY = "libc++";
				CLANG_ENABLE_MODULES = YES;
				CLANG_ENABLE_OBJC_ARC = YES;
				CLANG_WARN_BOOL_CONVERSION = YES;
				CLANG_WARN_CONSTANT_CONVERSION = YES;
				CLANG_WARN_DIRECT_OBJC_ISA_USAGE = YES_ERROR;
				CLANG_WARN_DOCUMENTATION_COMMENTS = YES;
				CLANG_WARN_EMPTY_BODY = YES;
				CLANG_WARN_ENUM_CONVERSION = YES;
				CLANG_WARN_INFINITE_RECURSION = YES;
				CLANG_WARN_INT_CONVERSION = YES;
				CLANG_WARN_OBJC_ROOT_CLASS = YES_ERROR;
				CLANG_WARN_SUSPICIOUS_MOVE = YES;
				CLANG_WARN_SUSPICIOUS_MOVES = YES;
				CLANG_WARN_UNREACHABLE_CODE = YES;
				CLANG_WARN__DUPLICATE_METHOD_MATCH = YES;
				CODE_SIGN_IDENTITY = "iPhone Developer";
				"CODE_SIGN_IDENTITY[sdk=iphoneos*]" = "iPhone Developer";
				COPY_PHASE_STRIP = NO;
				DEBUG_INFORMATION_FORMAT = "dwarf-with-dsym";
				ENABLE_NS_ASSERTIONS = NO;
				ENABLE_STRICT_OBJC_MSGSEND = YES;
				GCC_C_LANGUAGE_STANDARD = gnu99;
				GCC_NO_COMMON_BLOCKS = YES;
				GCC_WARN_64_TO_32_BIT_CONVERSION = YES;
				GCC_WARN_ABOUT_RETURN_TYPE = YES_ERROR;
				GCC_WARN_UNDECLARED_SELECTOR = YES;
				GCC_WARN_UNINITIALIZED_AUTOS = YES_AGGRESSIVE;
				GCC_WARN_UNUSED_FUNCTION = YES;
				GCC_WARN_UNUSED_VARIABLE = YES;
				IPHONEOS_DEPLOYMENT_TARGET = 10.1;
				MTL_ENABLE_DEBUG_INFO = NO;
				SDKROOT = iphoneos;
				SWIFT_OPTIMIZATION_LEVEL = "-Owholemodule";
				TARGETED_DEVICE_FAMILY = "1,2";
				VALIDATE_PRODUCT = YES;
			};
			name = Release;
		};
		81BD98A01DE370D3003F5F4F /* Debug */ = {
			isa = XCBuildConfiguration;
			baseConfigurationReference = 0990968EFE4E5D27D1D772EF /* Pods-DevslopesSocial.debug.xcconfig */;
			buildSettings = {
				ALWAYS_EMBED_SWIFT_STANDARD_LIBRARIES = YES;
				ASSETCATALOG_COMPILER_APPICON_NAME = AppIcon;
				CODE_SIGN_ENTITLEMENTS = DevslopesSocial/DevslopesSocial.entitlements;
				DEVELOPMENT_TEAM = 8YHCPZA2KX;
				INFOPLIST_FILE = DevslopesSocial/Info.plist;
				LD_RUNPATH_SEARCH_PATHS = "$(inherited) @executable_path/Frameworks";
				PRODUCT_BUNDLE_IDENTIFIER = jkProducts.DevslopesSocial;
				PRODUCT_NAME = "$(TARGET_NAME)";
				SWIFT_VERSION = 3.0;
			};
			name = Debug;
		};
		81BD98A11DE370D3003F5F4F /* Release */ = {
			isa = XCBuildConfiguration;
			baseConfigurationReference = 355E72031CE85FD3F25C8102 /* Pods-DevslopesSocial.release.xcconfig */;
			buildSettings = {
				ALWAYS_EMBED_SWIFT_STANDARD_LIBRARIES = YES;
				ASSETCATALOG_COMPILER_APPICON_NAME = AppIcon;
				CODE_SIGN_ENTITLEMENTS = DevslopesSocial/DevslopesSocial.entitlements;
				DEVELOPMENT_TEAM = 8YHCPZA2KX;
				INFOPLIST_FILE = DevslopesSocial/Info.plist;
				LD_RUNPATH_SEARCH_PATHS = "$(inherited) @executable_path/Frameworks";
				PRODUCT_BUNDLE_IDENTIFIER = jkProducts.DevslopesSocial;
				PRODUCT_NAME = "$(TARGET_NAME)";
				SWIFT_VERSION = 3.0;
			};
			name = Release;
		};
/* End XCBuildConfiguration section */

/* Begin XCConfigurationList section */
		81BD98881DE370D3003F5F4F /* Build configuration list for PBXProject "DevslopesSocial" */ = {
			isa = XCConfigurationList;
			buildConfigurations = (
				81BD989D1DE370D3003F5F4F /* Debug */,
				81BD989E1DE370D3003F5F4F /* Release */,
			);
			defaultConfigurationIsVisible = 0;
			defaultConfigurationName = Release;
		};
		81BD989F1DE370D3003F5F4F /* Build configuration list for PBXNativeTarget "DevslopesSocial" */ = {
			isa = XCConfigurationList;
			buildConfigurations = (
				81BD98A01DE370D3003F5F4F /* Debug */,
				81BD98A11DE370D3003F5F4F /* Release */,
			);
			defaultConfigurationIsVisible = 0;
			defaultConfigurationName = Release;
		};
/* End XCConfigurationList section */
	};
	rootObject = 81BD98851DE370D3003F5F4F /* Project object */;
}
